// !$*UTF8*$!
{
	archiveVersion = 1;
	classes = {
	};
	objectVersion = 50;
	objects = {

/* Begin PBXBuildFile section */
		7E0C4D1C23CEA8C900C37486 /* AppDelegate.swift in Sources */ = {isa = PBXBuildFile; fileRef = 7E0C4D1B23CEA8C900C37486 /* AppDelegate.swift */; };
		7E0C4D1E23CEA8C900C37486 /* SceneDelegate.swift in Sources */ = {isa = PBXBuildFile; fileRef = 7E0C4D1D23CEA8C900C37486 /* SceneDelegate.swift */; };
		7E0C4D2223CEA8CB00C37486 /* Assets.xcassets in Resources */ = {isa = PBXBuildFile; fileRef = 7E0C4D2123CEA8CB00C37486 /* Assets.xcassets */; };
		7E0C4D2523CEA8CB00C37486 /* Preview Assets.xcassets in Resources */ = {isa = PBXBuildFile; fileRef = 7E0C4D2423CEA8CB00C37486 /* Preview Assets.xcassets */; };
		7E0C4D2823CEA8CB00C37486 /* LaunchScreen.storyboard in Resources */ = {isa = PBXBuildFile; fileRef = 7E0C4D2623CEA8CB00C37486 /* LaunchScreen.storyboard */; };
		7E0C4D3223CEA93D00C37486 /* RootView.swift in Sources */ = {isa = PBXBuildFile; fileRef = 7E0C4D3123CEA93D00C37486 /* RootView.swift */; };
		7E0C4D3823CEAC5100C37486 /* RemoteImage.swift in Sources */ = {isa = PBXBuildFile; fileRef = 7E0C4D3723CEAC5100C37486 /* RemoteImage.swift */; };
		7E0C4D3B23CEB0E400C37486 /* RemoteImageService.swift in Sources */ = {isa = PBXBuildFile; fileRef = 7E0C4D3A23CEB0E400C37486 /* RemoteImageService.swift */; };
		7E0C4D3D23CEB15B00C37486 /* RemoteImageState.swift in Sources */ = {isa = PBXBuildFile; fileRef = 7E0C4D3C23CEB15B00C37486 /* RemoteImageState.swift */; };
		7EB34A5623CEB56D000F7D14 /* PlatformImageType.swift in Sources */ = {isa = PBXBuildFile; fileRef = 7EB34A5523CEB56D000F7D14 /* PlatformImageType.swift */; };
		7EB34A5923CEBB74000F7D14 /* RemoteImageCache.swift in Sources */ = {isa = PBXBuildFile; fileRef = 7EB34A5823CEBB74000F7D14 /* RemoteImageCache.swift */; };
/* End PBXBuildFile section */

/* Begin PBXFileReference section */
		7E0C4D1823CEA8C900C37486 /* Components.app */ = {isa = PBXFileReference; explicitFileType = wrapper.application; includeInIndex = 0; path = Components.app; sourceTree = BUILT_PRODUCTS_DIR; };
		7E0C4D1B23CEA8C900C37486 /* AppDelegate.swift */ = {isa = PBXFileReference; lastKnownFileType = sourcecode.swift; path = AppDelegate.swift; sourceTree = "<group>"; };
		7E0C4D1D23CEA8C900C37486 /* SceneDelegate.swift */ = {isa = PBXFileReference; lastKnownFileType = sourcecode.swift; path = SceneDelegate.swift; sourceTree = "<group>"; };
		7E0C4D2123CEA8CB00C37486 /* Assets.xcassets */ = {isa = PBXFileReference; lastKnownFileType = folder.assetcatalog; path = Assets.xcassets; sourceTree = "<group>"; };
		7E0C4D2423CEA8CB00C37486 /* Preview Assets.xcassets */ = {isa = PBXFileReference; lastKnownFileType = folder.assetcatalog; path = "Preview Assets.xcassets"; sourceTree = "<group>"; };
		7E0C4D2723CEA8CB00C37486 /* Base */ = {isa = PBXFileReference; lastKnownFileType = file.storyboard; name = Base; path = Base.lproj/LaunchScreen.storyboard; sourceTree = "<group>"; };
		7E0C4D2923CEA8CB00C37486 /* Info.plist */ = {isa = PBXFileReference; lastKnownFileType = text.plist.xml; path = Info.plist; sourceTree = "<group>"; };
		7E0C4D3123CEA93D00C37486 /* RootView.swift */ = {isa = PBXFileReference; lastKnownFileType = sourcecode.swift; path = RootView.swift; sourceTree = "<group>"; };
		7E0C4D3723CEAC5100C37486 /* RemoteImage.swift */ = {isa = PBXFileReference; lastKnownFileType = sourcecode.swift; path = RemoteImage.swift; sourceTree = "<group>"; };
		7E0C4D3A23CEB0E400C37486 /* RemoteImageService.swift */ = {isa = PBXFileReference; lastKnownFileType = sourcecode.swift; path = RemoteImageService.swift; sourceTree = "<group>"; };
		7E0C4D3C23CEB15B00C37486 /* RemoteImageState.swift */ = {isa = PBXFileReference; lastKnownFileType = sourcecode.swift; path = RemoteImageState.swift; sourceTree = "<group>"; };
		7EB34A5523CEB56D000F7D14 /* PlatformImageType.swift */ = {isa = PBXFileReference; lastKnownFileType = sourcecode.swift; path = PlatformImageType.swift; sourceTree = "<group>"; };
		7EB34A5823CEBB74000F7D14 /* RemoteImageCache.swift */ = {isa = PBXFileReference; lastKnownFileType = sourcecode.swift; path = RemoteImageCache.swift; sourceTree = "<group>"; };
/* End PBXFileReference section */

/* Begin PBXFrameworksBuildPhase section */
		7E0C4D1523CEA8C900C37486 /* Frameworks */ = {
			isa = PBXFrameworksBuildPhase;
			buildActionMask = 2147483647;
			files = (
			);
			runOnlyForDeploymentPostprocessing = 0;
		};
/* End PBXFrameworksBuildPhase section */

/* Begin PBXGroup section */
		7E0C4D0F23CEA8C900C37486 = {
			isa = PBXGroup;
			children = (
				7E0C4D1A23CEA8C900C37486 /* Components */,
				7E0C4D1923CEA8C900C37486 /* Products */,
			);
			sourceTree = "<group>";
		};
		7E0C4D1923CEA8C900C37486 /* Products */ = {
			isa = PBXGroup;
			children = (
				7E0C4D1823CEA8C900C37486 /* Components.app */,
			);
			name = Products;
			sourceTree = "<group>";
		};
		7E0C4D1A23CEA8C900C37486 /* Components */ = {
			isa = PBXGroup;
			children = (
				7E0C4D3023CEA8E800C37486 /* App */,
				7E0C4D3423CEAA3100C37486 /* Images */,
				7E0C4D2123CEA8CB00C37486 /* Assets.xcassets */,
				7E0C4D2623CEA8CB00C37486 /* LaunchScreen.storyboard */,
				7E0C4D2923CEA8CB00C37486 /* Info.plist */,
				7E0C4D2323CEA8CB00C37486 /* Preview Content */,
			);
			path = Components;
			sourceTree = "<group>";
		};
		7E0C4D2323CEA8CB00C37486 /* Preview Content */ = {
			isa = PBXGroup;
			children = (
				7E0C4D2423CEA8CB00C37486 /* Preview Assets.xcassets */,
			);
			path = "Preview Content";
			sourceTree = "<group>";
		};
		7E0C4D3023CEA8E800C37486 /* App */ = {
			isa = PBXGroup;
			children = (
				7E0C4D1B23CEA8C900C37486 /* AppDelegate.swift */,
				7E0C4D1D23CEA8C900C37486 /* SceneDelegate.swift */,
				7E0C4D3123CEA93D00C37486 /* RootView.swift */,
			);
			path = App;
			sourceTree = "<group>";
		};
		7E0C4D3423CEAA3100C37486 /* Images */ = {
			isa = PBXGroup;
			children = (
				7E0C4D3923CEAF4400C37486 /* RemoteImage */,
				7EB34A5723CEB578000F7D14 /* Utilities */,
			);
			path = Images;
			sourceTree = "<group>";
		};
		7E0C4D3923CEAF4400C37486 /* RemoteImage */ = {
			isa = PBXGroup;
			children = (
				7E0C4D3A23CEB0E400C37486 /* RemoteImageService.swift */,
				7EB34A5823CEBB74000F7D14 /* RemoteImageCache.swift */,
				7E0C4D3C23CEB15B00C37486 /* RemoteImageState.swift */,
				7E0C4D3723CEAC5100C37486 /* RemoteImage.swift */,
			);
			path = RemoteImage;
			sourceTree = "<group>";
		};
		7EB34A5723CEB578000F7D14 /* Utilities */ = {
			isa = PBXGroup;
			children = (
				7EB34A5523CEB56D000F7D14 /* PlatformImageType.swift */,
			);
			path = Utilities;
			sourceTree = "<group>";
		};
/* End PBXGroup section */

/* Begin PBXNativeTarget section */
		7E0C4D1723CEA8C900C37486 /* Components */ = {
			isa = PBXNativeTarget;
			buildConfigurationList = 7E0C4D2C23CEA8CB00C37486 /* Build configuration list for PBXNativeTarget "Components" */;
			buildPhases = (
				7E0C4D1423CEA8C900C37486 /* Sources */,
				7E0C4D1523CEA8C900C37486 /* Frameworks */,
				7E0C4D1623CEA8C900C37486 /* Resources */,
			);
			buildRules = (
			);
			dependencies = (
			);
			name = Components;
			productName = Components;
			productReference = 7E0C4D1823CEA8C900C37486 /* Components.app */;
			productType = "com.apple.product-type.application";
		};
/* End PBXNativeTarget section */

/* Begin PBXProject section */
		7E0C4D1023CEA8C900C37486 /* Project object */ = {
			isa = PBXProject;
			attributes = {
				LastSwiftUpdateCheck = 1130;
				LastUpgradeCheck = 1130;
				ORGANIZATIONNAME = "Joseph Bergman";
				TargetAttributes = {
					7E0C4D1723CEA8C900C37486 = {
						CreatedOnToolsVersion = 11.3.1;
					};
				};
			};
			buildConfigurationList = 7E0C4D1323CEA8C900C37486 /* Build configuration list for PBXProject "Components" */;
			compatibilityVersion = "Xcode 9.3";
			developmentRegion = en;
			hasScannedForEncodings = 0;
			knownRegions = (
				en,
				Base,
			);
			mainGroup = 7E0C4D0F23CEA8C900C37486;
			productRefGroup = 7E0C4D1923CEA8C900C37486 /* Products */;
			projectDirPath = "";
			projectRoot = "";
			targets = (
				7E0C4D1723CEA8C900C37486 /* Components */,
			);
		};
/* End PBXProject section */

/* Begin PBXResourcesBuildPhase section */
		7E0C4D1623CEA8C900C37486 /* Resources */ = {
			isa = PBXResourcesBuildPhase;
			buildActionMask = 2147483647;
			files = (
				7E0C4D2823CEA8CB00C37486 /* LaunchScreen.storyboard in Resources */,
				7E0C4D2523CEA8CB00C37486 /* Preview Assets.xcassets in Resources */,
				7E0C4D2223CEA8CB00C37486 /* Assets.xcassets in Resources */,
			);
			runOnlyForDeploymentPostprocessing = 0;
		};
/* End PBXResourcesBuildPhase section */

/* Begin PBXSourcesBuildPhase section */
		7E0C4D1423CEA8C900C37486 /* Sources */ = {
			isa = PBXSourcesBuildPhase;
			buildActionMask = 2147483647;
			files = (
				7EB34A5623CEB56D000F7D14 /* PlatformImageType.swift in Sources */,
				7E0C4D1C23CEA8C900C37486 /* AppDelegate.swift in Sources */,
				7E0C4D3D23CEB15B00C37486 /* RemoteImageState.swift in Sources */,
				7E0C4D1E23CEA8C900C37486 /* SceneDelegate.swift in Sources */,
				7EB34A5923CEBB74000F7D14 /* RemoteImageCache.swift in Sources */,
				7E0C4D3223CEA93D00C37486 /* RootView.swift in Sources */,
				7E0C4D3823CEAC5100C37486 /* RemoteImage.swift in Sources */,
				7E0C4D3B23CEB0E400C37486 /* RemoteImageService.swift in Sources */,
			);
			runOnlyForDeploymentPostprocessing = 0;
		};
/* End PBXSourcesBuildPhase section */

/* Begin PBXVariantGroup section */
		7E0C4D2623CEA8CB00C37486 /* LaunchScreen.storyboard */ = {
			isa = PBXVariantGroup;
			children = (
				7E0C4D2723CEA8CB00C37486 /* Base */,
			);
			name = LaunchScreen.storyboard;
			sourceTree = "<group>";
		};
/* End PBXVariantGroup section */

/* Begin XCBuildConfiguration section */
		7E0C4D2A23CEA8CB00C37486 /* Debug */ = {
			isa = XCBuildConfiguration;
			buildSettings = {
				ALWAYS_SEARCH_USER_PATHS = NO;
				CLANG_ANALYZER_NONNULL = YES;
				CLANG_ANALYZER_NUMBER_OBJECT_CONVERSION = YES_AGGRESSIVE;
				CLANG_CXX_LANGUAGE_STANDARD = "gnu++14";
				CLANG_CXX_LIBRARY = "libc++";
				CLANG_ENABLE_MODULES = YES;
				CLANG_ENABLE_OBJC_ARC = YES;
				CLANG_ENABLE_OBJC_WEAK = YES;
				CLANG_WARN_BLOCK_CAPTURE_AUTORELEASING = YES;
				CLANG_WARN_BOOL_CONVERSION = YES;
				CLANG_WARN_COMMA = YES;
				CLANG_WARN_CONSTANT_CONVERSION = YES;
				CLANG_WARN_DEPRECATED_OBJC_IMPLEMENTATIONS = YES;
				CLANG_WARN_DIRECT_OBJC_ISA_USAGE = YES_ERROR;
				CLANG_WARN_DOCUMENTATION_COMMENTS = YES;
				CLANG_WARN_EMPTY_BODY = YES;
				CLANG_WARN_ENUM_CONVERSION = YES;
				CLANG_WARN_INFINITE_RECURSION = YES;
				CLANG_WARN_INT_CONVERSION = YES;
				CLANG_WARN_NON_LITERAL_NULL_CONVERSION = YES;
				CLANG_WARN_OBJC_IMPLICIT_RETAIN_SELF = YES;
				CLANG_WARN_OBJC_LITERAL_CONVERSION = YES;
				CLANG_WARN_OBJC_ROOT_CLASS = YES_ERROR;
				CLANG_WARN_RANGE_LOOP_ANALYSIS = YES;
				CLANG_WARN_STRICT_PROTOTYPES = YES;
				CLANG_WARN_SUSPICIOUS_MOVE = YES;
				CLANG_WARN_UNGUARDED_AVAILABILITY = YES_AGGRESSIVE;
				CLANG_WARN_UNREACHABLE_CODE = YES;
				CLANG_WARN__DUPLICATE_METHOD_MATCH = YES;
				COPY_PHASE_STRIP = NO;
				DEBUG_INFORMATION_FORMAT = dwarf;
				ENABLE_STRICT_OBJC_MSGSEND = YES;
				ENABLE_TESTABILITY = YES;
				GCC_C_LANGUAGE_STANDARD = gnu11;
				GCC_DYNAMIC_NO_PIC = NO;
				GCC_NO_COMMON_BLOCKS = YES;
				GCC_OPTIMIZATION_LEVEL = 0;
				GCC_PREPROCESSOR_DEFINITIONS = (
					"DEBUG=1",
					"$(inherited)",
				);
				GCC_WARN_64_TO_32_BIT_CONVERSION = YES;
				GCC_WARN_ABOUT_RETURN_TYPE = YES_ERROR;
				GCC_WARN_UNDECLARED_SELECTOR = YES;
				GCC_WARN_UNINITIALIZED_AUTOS = YES_AGGRESSIVE;
				GCC_WARN_UNUSED_FUNCTION = YES;
				GCC_WARN_UNUSED_VARIABLE = YES;
				IPHONEOS_DEPLOYMENT_TARGET = 13.2;
				MTL_ENABLE_DEBUG_INFO = INCLUDE_SOURCE;
				MTL_FAST_MATH = YES;
				ONLY_ACTIVE_ARCH = YES;
				SDKROOT = iphoneos;
				SWIFT_ACTIVE_COMPILATION_CONDITIONS = DEBUG;
				SWIFT_OPTIMIZATION_LEVEL = "-Onone";
			};
			name = Debug;
		};
		7E0C4D2B23CEA8CB00C37486 /* Release */ = {
			isa = XCBuildConfiguration;
			buildSettings = {
				ALWAYS_SEARCH_USER_PATHS = NO;
				CLANG_ANALYZER_NONNULL = YES;
				CLANG_ANALYZER_NUMBER_OBJECT_CONVERSION = YES_AGGRESSIVE;
				CLANG_CXX_LANGUAGE_STANDARD = "gnu++14";
				CLANG_CXX_LIBRARY = "libc++";
				CLANG_ENABLE_MODULES = YES;
				CLANG_ENABLE_OBJC_ARC = YES;
				CLANG_ENABLE_OBJC_WEAK = YES;
				CLANG_WARN_BLOCK_CAPTURE_AUTORELEASING = YES;
				CLANG_WARN_BOOL_CONVERSION = YES;
				CLANG_WARN_COMMA = YES;
				CLANG_WARN_CONSTANT_CONVERSION = YES;
				CLANG_WARN_DEPRECATED_OBJC_IMPLEMENTATIONS = YES;
				CLANG_WARN_DIRECT_OBJC_ISA_USAGE = YES_ERROR;
				CLANG_WARN_DOCUMENTATION_COMMENTS = YES;
				CLANG_WARN_EMPTY_BODY = YES;
				CLANG_WARN_ENUM_CONVERSION = YES;
				CLANG_WARN_INFINITE_RECURSION = YES;
				CLANG_WARN_INT_CONVERSION = YES;
				CLANG_WARN_NON_LITERAL_NULL_CONVERSION = YES;
				CLANG_WARN_OBJC_IMPLICIT_RETAIN_SELF = YES;
				CLANG_WARN_OBJC_LITERAL_CONVERSION = YES;
				CLANG_WARN_OBJC_ROOT_CLASS = YES_ERROR;
				CLANG_WARN_RANGE_LOOP_ANALYSIS = YES;
				CLANG_WARN_STRICT_PROTOTYPES = YES;
				CLANG_WARN_SUSPICIOUS_MOVE = YES;
				CLANG_WARN_UNGUARDED_AVAILABILITY = YES_AGGRESSIVE;
				CLANG_WARN_UNREACHABLE_CODE = YES;
				CLANG_WARN__DUPLICATE_METHOD_MATCH = YES;
				COPY_PHASE_STRIP = NO;
				DEBUG_INFORMATION_FORMAT = "dwarf-with-dsym";
				ENABLE_NS_ASSERTIONS = NO;
				ENABLE_STRICT_OBJC_MSGSEND = YES;
				GCC_C_LANGUAGE_STANDARD = gnu11;
				GCC_NO_COMMON_BLOCKS = YES;
				GCC_WARN_64_TO_32_BIT_CONVERSION = YES;
				GCC_WARN_ABOUT_RETURN_TYPE = YES_ERROR;
				GCC_WARN_UNDECLARED_SELECTOR = YES;
				GCC_WARN_UNINITIALIZED_AUTOS = YES_AGGRESSIVE;
				GCC_WARN_UNUSED_FUNCTION = YES;
				GCC_WARN_UNUSED_VARIABLE = YES;
				IPHONEOS_DEPLOYMENT_TARGET = 13.2;
				MTL_ENABLE_DEBUG_INFO = NO;
				MTL_FAST_MATH = YES;
				SDKROOT = iphoneos;
				SWIFT_COMPILATION_MODE = wholemodule;
				SWIFT_OPTIMIZATION_LEVEL = "-O";
				VALIDATE_PRODUCT = YES;
			};
			name = Release;
		};
		7E0C4D2D23CEA8CB00C37486 /* Debug */ = {
			isa = XCBuildConfiguration;
			buildSettings = {
				ASSETCATALOG_COMPILER_APPICON_NAME = AppIcon;
				CODE_SIGN_STYLE = Automatic;
				DEVELOPMENT_ASSET_PATHS = "\"Components/Preview Content\"";
				DEVELOPMENT_TEAM = 4KLSEU7ZTX;
				ENABLE_PREVIEWS = YES;
				INFOPLIST_FILE = Components/Info.plist;
				LD_RUNPATH_SEARCH_PATHS = (
					"$(inherited)",
					"@executable_path/Frameworks",
				);
				PRODUCT_BUNDLE_IDENTIFIER = com.JosephBergman.Components;
				PRODUCT_NAME = "$(TARGET_NAME)";
				SWIFT_VERSION = 5.0;
				TARGETED_DEVICE_FAMILY = "1,2";
			};
			name = Debug;
		};
		7E0C4D2E23CEA8CB00C37486 /* Release */ = {
			isa = XCBuildConfiguration;
			buildSettings = {
				ASSETCATALOG_COMPILER_APPICON_NAME = AppIcon;
				CODE_SIGN_STYLE = Automatic;
				DEVELOPMENT_ASSET_PATHS = "\"Components/Preview Content\"";
				DEVELOPMENT_TEAM = 4KLSEU7ZTX;
				ENABLE_PREVIEWS = YES;
				INFOPLIST_FILE = Components/Info.plist;
				LD_RUNPATH_SEARCH_PATHS = (
					"$(inherited)",
					"@executable_path/Frameworks",
				);
				PRODUCT_BUNDLE_IDENTIFIER = com.JosephBergman.Components;
				PRODUCT_NAME = "$(TARGET_NAME)";
				SWIFT_VERSION = 5.0;
				TARGETED_DEVICE_FAMILY = "1,2";
			};
			name = Release;
		};
/* End XCBuildConfiguration section */

/* Begin XCConfigurationList section */
		7E0C4D1323CEA8C900C37486 /* Build configuration list for PBXProject "Components" */ = {
			isa = XCConfigurationList;
			buildConfigurations = (
				7E0C4D2A23CEA8CB00C37486 /* Debug */,
				7E0C4D2B23CEA8CB00C37486 /* Release */,
			);
			defaultConfigurationIsVisible = 0;
			defaultConfigurationName = Release;
		};
		7E0C4D2C23CEA8CB00C37486 /* Build configuration list for PBXNativeTarget "Components" */ = {
			isa = XCConfigurationList;
			buildConfigurations = (
				7E0C4D2D23CEA8CB00C37486 /* Debug */,
				7E0C4D2E23CEA8CB00C37486 /* Release */,
			);
			defaultConfigurationIsVisible = 0;
			defaultConfigurationName = Release;
		};
/* End XCConfigurationList section */
	};
	rootObject = 7E0C4D1023CEA8C900C37486 /* Project object */;
}
